{
  "version": 4,
  "terraform_version": "1.5.2",
  "serial": 61,
  "lineage": "ac72b212-496f-6bf5-3c00-a5d72833dbcd",
  "outputs": {
    "PRODUCTION_VPC_ID": {
      "value": "a6b314a6-c34f-42cc-a9d7-469e73e938e2",
      "type": "string"
    }
  },
  "resources": [
    {
      "mode": "managed",
      "type": "digitalocean_kubernetes_cluster",
      "name": "production_cluster",
      "provider": "provider[\"registry.terraform.io/digitalocean/digitalocean\"]",
      "instances": [
        {
          "schema_version": 3,
          "attributes": {
            "auto_upgrade": false,
            "cluster_subnet": "10.244.0.0/16",
            "created_at": "2023-07-10 14:11:23 +0000 UTC",
            "endpoint": "https://ab0eb5a2-1445-4c36-abf4-d7a76f0bdc29.k8s.ondigitalocean.com",
            "ha": false,
            "id": "ab0eb5a2-1445-4c36-abf4-d7a76f0bdc29",
            "ipv4_address": "",
            "kube_config": [
              {
                "client_certificate": "",
                "client_key": "",
                "cluster_ca_certificate": "LS0tLS1CRUdJTiBDRVJUSUZJQ0FURS0tLS0tCk1JSURKekNDQWcrZ0F3SUJBZ0lDQm5Vd0RRWUpLb1pJaHZjTkFRRUxCUUF3TXpFVk1CTUdBMVVFQ2hNTVJHbG4KYVhSaGJFOWpaV0Z1TVJvd0dBWURWUVFERXhGck9ITmhZWE1nUTJ4MWMzUmxjaUJEUVRBZUZ3MHlNekEzTVRBeApOREV4TWpoYUZ3MDBNekEzTVRBeE5ERXhNamhhTURNeEZUQVRCZ05WQkFvVERFUnBaMmwwWVd4UFkyVmhiakVhCk1CZ0dBMVVFQXhNUmF6aHpZV0Z6SUVOc2RYTjBaWElnUTBFd2dnRWlNQTBHQ1NxR1NJYjNEUUVCQVFVQUE0SUIKRHdBd2dnRUtBb0lCQVFEQkRvejh5RWh4UjNuNEJPbEVUS1JtWTl3OWluT1pOOStOWEFwVFdZd0ZCWXJ1dEpUOApFNyt0eSt6WW9BMWd4c2tZdFpjMjdETHdaYkk1Uy9VQnNpQy9pQjltVDZBMEUvSUdqYjc2TDlUK29laHhneTRlCjBNcVAwcDBIVWIzMG4rZUs1T0ZmbWVzaUF5bWhUVHRuSncvMis0OVBST3dIdnYzRHd2YXpDenB0TzNkeFc4dWkKVVM3bmFJRVpNVUZWenVUMXdwWkFaOHRjS3ZTYWVSWUxickwrbktqZVlMTlM3bzhRc2NXanNQcEt5K2VzWlRuUQo3M3VFWHJ3eEZkQmZLVUhGQzBRV0lOZHJZT3BoemNsTWxzZHovRTNBMkdVQ0pGWFE1Q0pKdEk5dVc4MUJKcmkxCm9VTWl2SlMvR0FXNFNWWk4rQkN0WUkwTVhZbzlZckV6cWYydEFnTUJBQUdqUlRCRE1BNEdBMVVkRHdFQi93UUUKQXdJQmhqQVNCZ05WSFJNQkFmOEVDREFHQVFIL0FnRUFNQjBHQTFVZERnUVdCQlJ6aHFFR2VkWEN3UXYwZHAwRgpid0NLekVLUWZqQU5CZ2txaGtpRzl3MEJBUXNGQUFPQ0FRRUFjVHFJVVNXNWRmZjFnQWMrOEMvd3FMT3dlbWlzCjlzUTdhdXl4Q08xUXhHd3pZdldrZGJoTnZqOUxxcWxqUkNwVEs5WVBBeFJjY0g5c1ArNng4VzRLd3NRWXJTNk4KZEhUdHRBZ1pEVmM5UkRFR2prWG4ydHFiRGs2dHdTODZwNVNXb3F4dXA0c2QvVEl6alU1ai8wVXpLSk1oaGVQQwpGd240NkNkVTZJOUNRU2dDT3RkbTY2TkZBRFlBenhpcXlZb0ZvTGx0aGorZXNsSjQzZUtUY0JOM0JnOENwcFM5Cjd5OG5YV0xkTjJJcWtOSnpyV1JXNWZTRFo2WVZzeU9jYzkwTkNWNkFIRTYxWkNiOXp4MlN5UTFrRnpVbVk0RUMKY0RpTDV3UnpJOEJTaEhNemVEMHU3NWxhek1ZSFk3aC85ZGxQeXYyN1dBK2VUZVY5TzJ3eFpiTlFVZz09Ci0tLS0tRU5EIENFUlRJRklDQVRFLS0tLS0K",
                "expires_at": "2023-07-17T14:15:34Z",
                "host": "https://ab0eb5a2-1445-4c36-abf4-d7a76f0bdc29.k8s.ondigitalocean.com",
                "raw_config": "apiVersion: v1\nkind: Config\nclusters:\n- cluster:\n    certificate-authority-data: LS0tLS1CRUdJTiBDRVJUSUZJQ0FURS0tLS0tCk1JSURKekNDQWcrZ0F3SUJBZ0lDQm5Vd0RRWUpLb1pJaHZjTkFRRUxCUUF3TXpFVk1CTUdBMVVFQ2hNTVJHbG4KYVhSaGJFOWpaV0Z1TVJvd0dBWURWUVFERXhGck9ITmhZWE1nUTJ4MWMzUmxjaUJEUVRBZUZ3MHlNekEzTVRBeApOREV4TWpoYUZ3MDBNekEzTVRBeE5ERXhNamhhTURNeEZUQVRCZ05WQkFvVERFUnBaMmwwWVd4UFkyVmhiakVhCk1CZ0dBMVVFQXhNUmF6aHpZV0Z6SUVOc2RYTjBaWElnUTBFd2dnRWlNQTBHQ1NxR1NJYjNEUUVCQVFVQUE0SUIKRHdBd2dnRUtBb0lCQVFEQkRvejh5RWh4UjNuNEJPbEVUS1JtWTl3OWluT1pOOStOWEFwVFdZd0ZCWXJ1dEpUOApFNyt0eSt6WW9BMWd4c2tZdFpjMjdETHdaYkk1Uy9VQnNpQy9pQjltVDZBMEUvSUdqYjc2TDlUK29laHhneTRlCjBNcVAwcDBIVWIzMG4rZUs1T0ZmbWVzaUF5bWhUVHRuSncvMis0OVBST3dIdnYzRHd2YXpDenB0TzNkeFc4dWkKVVM3bmFJRVpNVUZWenVUMXdwWkFaOHRjS3ZTYWVSWUxickwrbktqZVlMTlM3bzhRc2NXanNQcEt5K2VzWlRuUQo3M3VFWHJ3eEZkQmZLVUhGQzBRV0lOZHJZT3BoemNsTWxzZHovRTNBMkdVQ0pGWFE1Q0pKdEk5dVc4MUJKcmkxCm9VTWl2SlMvR0FXNFNWWk4rQkN0WUkwTVhZbzlZckV6cWYydEFnTUJBQUdqUlRCRE1BNEdBMVVkRHdFQi93UUUKQXdJQmhqQVNCZ05WSFJNQkFmOEVDREFHQVFIL0FnRUFNQjBHQTFVZERnUVdCQlJ6aHFFR2VkWEN3UXYwZHAwRgpid0NLekVLUWZqQU5CZ2txaGtpRzl3MEJBUXNGQUFPQ0FRRUFjVHFJVVNXNWRmZjFnQWMrOEMvd3FMT3dlbWlzCjlzUTdhdXl4Q08xUXhHd3pZdldrZGJoTnZqOUxxcWxqUkNwVEs5WVBBeFJjY0g5c1ArNng4VzRLd3NRWXJTNk4KZEhUdHRBZ1pEVmM5UkRFR2prWG4ydHFiRGs2dHdTODZwNVNXb3F4dXA0c2QvVEl6alU1ai8wVXpLSk1oaGVQQwpGd240NkNkVTZJOUNRU2dDT3RkbTY2TkZBRFlBenhpcXlZb0ZvTGx0aGorZXNsSjQzZUtUY0JOM0JnOENwcFM5Cjd5OG5YV0xkTjJJcWtOSnpyV1JXNWZTRFo2WVZzeU9jYzkwTkNWNkFIRTYxWkNiOXp4MlN5UTFrRnpVbVk0RUMKY0RpTDV3UnpJOEJTaEhNemVEMHU3NWxhek1ZSFk3aC85ZGxQeXYyN1dBK2VUZVY5TzJ3eFpiTlFVZz09Ci0tLS0tRU5EIENFUlRJRklDQVRFLS0tLS0K\n    server: https://ab0eb5a2-1445-4c36-abf4-d7a76f0bdc29.k8s.ondigitalocean.com\n  name: do-ams3-production-cluster\ncontexts:\n- context:\n    cluster: do-ams3-production-cluster\n    user: do-ams3-production-cluster-admin\n  name: do-ams3-production-cluster\ncurrent-context: do-ams3-production-cluster\nusers:\n- name: do-ams3-production-cluster-admin\n  user:\n    token: dop_v1_8bf624e9e7027b39f41bb1c1b88dbf7480b7d483ecf880f41947de7bbf9dbff7\n",
                "token": "dop_v1_8bf624e9e7027b39f41bb1c1b88dbf7480b7d483ecf880f41947de7bbf9dbff7"
              }
            ],
            "maintenance_policy": [
              {
                "day": "any",
                "duration": "4h0m0s",
                "start_time": "14:00"
              }
            ],
            "name": "production-cluster",
            "node_pool": [
              {
                "actual_node_count": 1,
                "auto_scale": true,
                "id": "f624f056-c1eb-40b6-8368-5314d0390f75",
                "labels": {
                  "node_type": "small"
                },
                "max_nodes": 4,
                "min_nodes": 1,
                "name": "autoscale-production-mini-pool",
                "node_count": 0,
                "nodes": [
                  {
                    "created_at": "2023-07-10 14:11:23 +0000 UTC",
                    "droplet_id": "364511895",
                    "id": "12d32e68-fad7-4f95-b848-037884b55061",
                    "name": "autoscale-production-mini-pool-fdyi8",
                    "status": "running",
                    "updated_at": "2023-07-10 14:13:29 +0000 UTC"
                  }
                ],
                "size": "c-2",
                "tags": null,
                "taint": []
              }
            ],
            "region": "ams3",
            "registry_integration": false,
            "service_subnet": "10.245.0.0/16",
            "status": "running",
            "surge_upgrade": true,
            "tags": [
              "infra-production"
            ],
            "timeouts": null,
            "updated_at": "2023-07-10 14:15:29 +0000 UTC",
            "urn": "do:kubernetes:ab0eb5a2-1445-4c36-abf4-d7a76f0bdc29",
            "version": "1.26.5-do.0",
            "vpc_uuid": "a6b314a6-c34f-42cc-a9d7-469e73e938e2"
          },
          "sensitive_attributes": [],
          "private": "eyJlMmJmYjczMC1lY2FhLTExZTYtOGY4OC0zNDM2M2JjN2M0YzAiOnsiY3JlYXRlIjoxODAwMDAwMDAwMDAwfSwic2NoZW1hX3ZlcnNpb24iOiIzIn0=",
          "dependencies": [
            "digitalocean_vpc.production_vpc"
          ]
        }
      ]
    },
    {
      "mode": "managed",
      "type": "digitalocean_kubernetes_node_pool",
      "name": "autoscale-production-large-pool",
      "provider": "provider[\"registry.terraform.io/digitalocean/digitalocean\"]",
      "instances": [
        {
          "schema_version": 1,
          "attributes": {
            "actual_node_count": 1,
            "auto_scale": true,
            "cluster_id": "ab0eb5a2-1445-4c36-abf4-d7a76f0bdc29",
            "id": "8d5bb252-be4b-4196-96e1-db41638a0462",
            "labels": {
              "node_type": "large"
            },
            "max_nodes": 2,
            "min_nodes": 1,
            "name": "autoscale-production-large-pool",
            "node_count": 1,
            "nodes": [
              {
                "created_at": "2023-07-10 14:15:35 +0000 UTC",
                "droplet_id": "364512221",
                "id": "81b96f5d-f706-46da-8540-d28330fc6694",
                "name": "autoscale-production-large-pool-fdyi1",
                "status": "running",
                "updated_at": "2023-07-10 14:16:19 +0000 UTC"
              }
            ],
            "size": "g-4vcpu-16gb",
            "tags": null,
            "taint": [],
            "timeouts": null
          },
          "sensitive_attributes": [],
          "private": "eyJlMmJmYjczMC1lY2FhLTExZTYtOGY4OC0zNDM2M2JjN2M0YzAiOnsiY3JlYXRlIjoxODAwMDAwMDAwMDAwLCJkZWxldGUiOjE4MDAwMDAwMDAwMDB9LCJzY2hlbWFfdmVyc2lvbiI6IjEifQ==",
          "dependencies": [
            "digitalocean_kubernetes_cluster.production_cluster",
            "digitalocean_vpc.production_vpc"
          ]
        }
      ]
    },
    {
      "mode": "managed",
      "type": "digitalocean_kubernetes_node_pool",
      "name": "autoscale-production-medium-pool",
      "provider": "provider[\"registry.terraform.io/digitalocean/digitalocean\"]",
      "instances": [
        {
          "schema_version": 1,
          "attributes": {
            "actual_node_count": 2,
            "auto_scale": true,
            "cluster_id": "ab0eb5a2-1445-4c36-abf4-d7a76f0bdc29",
            "id": "7f209cbf-6454-4e2f-b772-4fbc67622ab4",
            "labels": {
              "node_type": "medium"
            },
            "max_nodes": 5,
            "min_nodes": 2,
            "name": "autoscale-production-medium-pool",
            "node_count": 2,
            "nodes": [
              {
                "created_at": "2023-07-10 14:15:35 +0000 UTC",
                "droplet_id": "364512219",
                "id": "5ac1a247-ce26-4386-8727-0e792efb9fb3",
                "name": "autoscale-production-medium-pool-fdyiz",
                "status": "running",
                "updated_at": "2023-07-10 14:16:19 +0000 UTC"
              },
              {
                "created_at": "2023-07-10 14:15:35 +0000 UTC",
                "droplet_id": "364512220",
                "id": "62b859cd-b515-4da3-aa09-3ea827a61a48",
                "name": "autoscale-production-medium-pool-fdyi9",
                "status": "running",
                "updated_at": "2023-07-10 14:16:19 +0000 UTC"
              }
            ],
            "size": "s-4vcpu-8gb",
            "tags": null,
            "taint": [],
            "timeouts": null
          },
          "sensitive_attributes": [],
          "private": "eyJlMmJmYjczMC1lY2FhLTExZTYtOGY4OC0zNDM2M2JjN2M0YzAiOnsiY3JlYXRlIjoxODAwMDAwMDAwMDAwLCJkZWxldGUiOjE4MDAwMDAwMDAwMDB9LCJzY2hlbWFfdmVyc2lvbiI6IjEifQ==",
          "dependencies": [
            "digitalocean_kubernetes_cluster.production_cluster",
            "digitalocean_vpc.production_vpc"
          ]
        }
      ]
    },
    {
      "mode": "managed",
      "type": "digitalocean_vpc",
      "name": "production_vpc",
      "provider": "provider[\"registry.terraform.io/digitalocean/digitalocean\"]",
      "instances": [
        {
          "schema_version": 0,
          "attributes": {
            "created_at": "2023-07-10 14:11:19 +0000 UTC",
            "default": false,
            "description": "",
            "id": "a6b314a6-c34f-42cc-a9d7-469e73e938e2",
            "ip_range": "10.0.0.0/16",
            "name": "production-vpc",
            "region": "ams3",
            "timeouts": null,
            "urn": "do:vpc:a6b314a6-c34f-42cc-a9d7-469e73e938e2"
          },
          "sensitive_attributes": [],
          "private": "eyJlMmJmYjczMC1lY2FhLTExZTYtOGY4OC0zNDM2M2JjN2M0YzAiOnsiZGVsZXRlIjoxMjAwMDAwMDAwMDB9fQ=="
        }
      ]
    },
    {
      "mode": "managed",
      "type": "kubernetes_namespace",
      "name": "namespaces",
      "provider": "provider[\"registry.terraform.io/hashicorp/kubernetes\"]",
      "instances": [
        {
          "index_key": 0,
          "schema_version": 0,
          "attributes": {
            "id": "monitoring",
            "metadata": [
              {
                "annotations": null,
                "generate_name": "",
                "generation": 0,
                "labels": null,
                "name": "monitoring",
                "resource_version": "1235",
                "uid": "aae360e0-9d49-4fce-9a58-2d9479146009"
              }
            ],
            "timeouts": null
          },
          "sensitive_attributes": [],
          "private": "eyJlMmJmYjczMC1lY2FhLTExZTYtOGY4OC0zNDM2M2JjN2M0YzAiOnsiZGVsZXRlIjozMDAwMDAwMDAwMDB9fQ==",
          "dependencies": [
            "digitalocean_kubernetes_cluster.production_cluster",
            "digitalocean_vpc.production_vpc"
          ]
        },
        {
          "index_key": 1,
          "schema_version": 0,
          "attributes": {
            "id": "sub-back",
            "metadata": [
              {
                "annotations": null,
                "generate_name": "",
                "generation": 0,
                "labels": null,
                "name": "sub-back",
                "resource_version": "1240",
                "uid": "ef03f028-c6e8-418c-84d3-db7555da1024"
              }
            ],
            "timeouts": null
          },
          "sensitive_attributes": [],
          "private": "eyJlMmJmYjczMC1lY2FhLTExZTYtOGY4OC0zNDM2M2JjN2M0YzAiOnsiZGVsZXRlIjozMDAwMDAwMDAwMDB9fQ==",
          "dependencies": [
            "digitalocean_kubernetes_cluster.production_cluster",
            "digitalocean_vpc.production_vpc"
          ]
        },
        {
          "index_key": 2,
          "schema_version": 0,
          "attributes": {
            "id": "sub-id",
            "metadata": [
              {
                "annotations": null,
                "generate_name": "",
                "generation": 0,
                "labels": null,
                "name": "sub-id",
                "resource_version": "1212",
                "uid": "ad55fdf2-3cb0-427c-9e59-b6625376e140"
              }
            ],
            "timeouts": null
          },
          "sensitive_attributes": [],
          "private": "eyJlMmJmYjczMC1lY2FhLTExZTYtOGY4OC0zNDM2M2JjN2M0YzAiOnsiZGVsZXRlIjozMDAwMDAwMDAwMDB9fQ==",
          "dependencies": [
            "digitalocean_kubernetes_cluster.production_cluster",
            "digitalocean_vpc.production_vpc"
          ]
        },
        {
          "index_key": 3,
          "schema_version": 0,
          "attributes": {
            "id": "sub-front",
            "metadata": [
              {
                "annotations": null,
                "generate_name": "",
                "generation": 0,
                "labels": null,
                "name": "sub-front",
                "resource_version": "1237",
                "uid": "728ad141-189c-4114-a1f8-ffb4dc9e838e"
              }
            ],
            "timeouts": null
          },
          "sensitive_attributes": [],
          "private": "eyJlMmJmYjczMC1lY2FhLTExZTYtOGY4OC0zNDM2M2JjN2M0YzAiOnsiZGVsZXRlIjozMDAwMDAwMDAwMDB9fQ==",
          "dependencies": [
            "digitalocean_kubernetes_cluster.production_cluster",
            "digitalocean_vpc.production_vpc"
          ]
        },
        {
          "index_key": 4,
          "schema_version": 0,
          "attributes": {
            "id": "argocd",
            "metadata": [
              {
                "annotations": null,
                "generate_name": "",
                "generation": 0,
                "labels": null,
                "name": "argocd",
                "resource_version": "1213",
                "uid": "51a53c5b-0707-4e67-b7e4-eb1585c543c6"
              }
            ],
            "timeouts": null
          },
          "sensitive_attributes": [],
          "private": "eyJlMmJmYjczMC1lY2FhLTExZTYtOGY4OC0zNDM2M2JjN2M0YzAiOnsiZGVsZXRlIjozMDAwMDAwMDAwMDB9fQ==",
          "dependencies": [
            "digitalocean_kubernetes_cluster.production_cluster",
            "digitalocean_vpc.production_vpc"
          ]
        },
        {
          "index_key": 5,
          "schema_version": 0,
          "attributes": {
            "id": "botkube",
            "metadata": [
              {
                "annotations": null,
                "generate_name": "",
                "generation": 0,
                "labels": null,
                "name": "botkube",
                "resource_version": "1234",
                "uid": "2e215ab2-1029-4364-936c-6c59cd562c6b"
              }
            ],
            "timeouts": null
          },
          "sensitive_attributes": [],
          "private": "eyJlMmJmYjczMC1lY2FhLTExZTYtOGY4OC0zNDM2M2JjN2M0YzAiOnsiZGVsZXRlIjozMDAwMDAwMDAwMDB9fQ==",
          "dependencies": [
            "digitalocean_kubernetes_cluster.production_cluster",
            "digitalocean_vpc.production_vpc"
          ]
        },
        {
          "index_key": 6,
          "schema_version": 0,
          "attributes": {
            "id": "doc",
            "metadata": [
              {
                "annotations": null,
                "generate_name": "",
                "generation": 0,
                "labels": null,
                "name": "doc",
                "resource_version": "1210",
                "uid": "c31c5826-4968-4bd9-b461-1361b12719ad"
              }
            ],
            "timeouts": null
          },
          "sensitive_attributes": [],
          "private": "eyJlMmJmYjczMC1lY2FhLTExZTYtOGY4OC0zNDM2M2JjN2M0YzAiOnsiZGVsZXRlIjozMDAwMDAwMDAwMDB9fQ==",
          "dependencies": [
            "digitalocean_kubernetes_cluster.production_cluster",
            "digitalocean_vpc.production_vpc"
          ]
        },
        {
          "index_key": 7,
          "schema_version": 0,
          "attributes": {
            "id": "faucet",
            "metadata": [
              {
                "annotations": null,
                "generate_name": "",
                "generation": 0,
                "labels": null,
                "name": "faucet",
                "resource_version": "1215",
                "uid": "1c5326ed-825f-4df1-8c30-5969ef22181c"
              }
            ],
            "timeouts": null
          },
          "sensitive_attributes": [],
          "private": "eyJlMmJmYjczMC1lY2FhLTExZTYtOGY4OC0zNDM2M2JjN2M0YzAiOnsiZGVsZXRlIjozMDAwMDAwMDAwMDB9fQ==",
          "dependencies": [
            "digitalocean_kubernetes_cluster.production_cluster",
            "digitalocean_vpc.production_vpc"
          ]
        },
        {
          "index_key": 8,
          "schema_version": 0,
          "attributes": {
            "id": "ipfs",
            "metadata": [
              {
                "annotations": null,
                "generate_name": "",
                "generation": 0,
                "labels": null,
                "name": "ipfs",
                "resource_version": "1209",
                "uid": "9a0a2aa2-55f6-4a59-93fc-097456db0914"
              }
            ],
            "timeouts": null
          },
          "sensitive_attributes": [],
          "private": "eyJlMmJmYjczMC1lY2FhLTExZTYtOGY4OC0zNDM2M2JjN2M0YzAiOnsiZGVsZXRlIjozMDAwMDAwMDAwMDB9fQ==",
          "dependencies": [
            "digitalocean_kubernetes_cluster.production_cluster",
            "digitalocean_vpc.production_vpc"
          ]
        },
        {
          "index_key": 9,
          "schema_version": 0,
          "attributes": {
            "id": "nginx",
            "metadata": [
              {
                "annotations": null,
                "generate_name": "",
                "generation": 0,
                "labels": null,
                "name": "nginx",
                "resource_version": "1211",
                "uid": "c8dfe63c-b285-4ba6-9d77-f53ec096fa98"
              }
            ],
            "timeouts": null
          },
          "sensitive_attributes": [],
          "private": "eyJlMmJmYjczMC1lY2FhLTExZTYtOGY4OC0zNDM2M2JjN2M0YzAiOnsiZGVsZXRlIjozMDAwMDAwMDAwMDB9fQ==",
          "dependencies": [
            "digitalocean_kubernetes_cluster.production_cluster",
            "digitalocean_vpc.production_vpc"
          ]
        },
        {
          "index_key": 10,
          "schema_version": 0,
          "attributes": {
            "id": "post-ever",
            "metadata": [
              {
                "annotations": null,
                "generate_name": "",
                "generation": 0,
                "labels": null,
                "name": "post-ever",
                "resource_version": "1216",
                "uid": "541d66a3-7744-4aac-8295-b26696ce025a"
              }
            ],
            "timeouts": null
          },
          "sensitive_attributes": [],
          "private": "eyJlMmJmYjczMC1lY2FhLTExZTYtOGY4OC0zNDM2M2JjN2M0YzAiOnsiZGVsZXRlIjozMDAwMDAwMDAwMDB9fQ==",
          "dependencies": [
            "digitalocean_kubernetes_cluster.production_cluster",
            "digitalocean_vpc.production_vpc"
          ]
        },
        {
          "index_key": 11,
          "schema_version": 0,
          "attributes": {
            "id": "sealed-secret",
            "metadata": [
              {
                "annotations": null,
                "generate_name": "",
                "generation": 0,
                "labels": null,
                "name": "sealed-secret",
                "resource_version": "1214",
                "uid": "93103143-fe12-4aac-8238-75bb609ed963"
              }
            ],
            "timeouts": null
          },
          "sensitive_attributes": [],
          "private": "eyJlMmJmYjczMC1lY2FhLTExZTYtOGY4OC0zNDM2M2JjN2M0YzAiOnsiZGVsZXRlIjozMDAwMDAwMDAwMDB9fQ==",
          "dependencies": [
            "digitalocean_kubernetes_cluster.production_cluster",
            "digitalocean_vpc.production_vpc"
          ]
        },
        {
          "index_key": 12,
          "schema_version": 0,
          "attributes": {
            "id": "sub-nodes",
            "metadata": [
              {
                "annotations": null,
                "generate_name": "",
                "generation": 0,
                "labels": null,
                "name": "sub-nodes",
                "resource_version": "1236",
                "uid": "4aa2d8e2-cf2b-4687-9c25-70040983eb47"
              }
            ],
            "timeouts": null
          },
          "sensitive_attributes": [],
          "private": "eyJlMmJmYjczMC1lY2FhLTExZTYtOGY4OC0zNDM2M2JjN2M0YzAiOnsiZGVsZXRlIjozMDAwMDAwMDAwMDB9fQ==",
          "dependencies": [
            "digitalocean_kubernetes_cluster.production_cluster",
            "digitalocean_vpc.production_vpc"
          ]
        }
      ]
    },
    {
      "mode": "managed",
      "type": "kubernetes_secret",
      "name": "sealed-secrets-key",
      "provider": "provider[\"registry.terraform.io/hashicorp/kubernetes\"]",
      "instances": [
        {
          "schema_version": 0,
          "attributes": {
            "binary_data": null,
            "data": {
              "tls.crt": "dop_v1_2e2de8b1fd3055b3bb065ef310c2543b4340a4e93f14d89cd92b95581b6b06d5",
              "tls.key": "dop_v1_2e2de8b1fd3055b3bb065ef310c2543b4340a4e93f14d89cd92b95581b6b06d5"
            },
            "id": "sealed-secret/sealed-secrets-key",
            "immutable": false,
            "metadata": [
              {
                "annotations": null,
                "generate_name": "",
                "generation": 0,
                "labels": {
                  "sealedsecrets.bitnami.com/sealed-secrets-key": "active"
                },
                "name": "sealed-secrets-key",
                "namespace": "sealed-secret",
                "resource_version": "1250",
                "uid": "7229630f-df99-4cf2-96b2-61952cf6c14e"
              }
            ],
            "timeouts": null,
            "type": "kubernetes.io/tls",
            "wait_for_service_account_token": true
          },
          "sensitive_attributes": [
            [
              {
                "type": "get_attr",
                "value": "data"
              },
              {
                "type": "index",
                "value": {
                  "value": "tls.crt",
                  "type": "string"
                }
              }
            ],
            [
              {
                "type": "get_attr",
                "value": "data"
              },
              {
                "type": "index",
                "value": {
                  "value": "tls.key",
                  "type": "string"
                }
              }
            ]
          ],
          "private": "eyJlMmJmYjczMC1lY2FhLTExZTYtOGY4OC0zNDM2M2JjN2M0YzAiOnsiY3JlYXRlIjo2MDAwMDAwMDAwMH19",
          "dependencies": [
            "digitalocean_kubernetes_cluster.production_cluster",
            "digitalocean_vpc.production_vpc",
            "kubernetes_namespace.namespaces"
          ]
        }
      ]
    }
  ],
  "check_results": null
}
